
Microsoft Visual Studio Solution File, Format Version 12.00
# Visual Studio Version 17
VisualStudioVersion = 17.8.34316.72
MinimumVisualStudioVersion = 10.0.40219.1
Project("{FAE04EC0-301F-11D3-BF4B-00C04F79EFBC}") = "Arrays-13---Dobbelsteensimulatie", "Arrays-13---Dobbelsteensimulatie\Arrays-13---Dobbelsteensimulatie.csproj", "{1134359B-85D1-4F47-96B5-9E7C9E7DECA3}"
EndProject
Global
	GlobalSection(SolutionConfigurationPlatforms) = preSolution
		Debug|Any CPU = Debug|Any CPU
		Release|Any CPU = Release|Any CPU
	EndGlobalSection
	GlobalSection(ProjectConfigurationPlatforms) = postSolution
		{1134359B-85D1-4F47-96B5-9E7C9E7DECA3}.Debug|Any CPU.ActiveCfg = Debug|Any CPU
		{1134359B-85D1-4F47-96B5-9E7C9E7DECA3}.Debug|Any CPU.Build.0 = Debug|Any CPU
		{1134359B-85D1-4F47-96B5-9E7C9E7DECA3}.Release|Any CPU.ActiveCfg = Release|Any CPU
		{1134359B-85D1-4F47-96B5-9E7C9E7DECA3}.Release|Any CPU.Build.0 = Release|Any CPU
	EndGlobalSection
	GlobalSection(SolutionProperties) = preSolution
		HideSolutionNode = FALSE
	EndGlobalSection
	GlobalSection(ExtensibilityGlobals) = postSolution
		SolutionGuid = {3DDFE707-0324-4AA4-B027-CE3DB744379E}
	EndGlobalSection
EndGlobal
